
Microsoft Visual Studio Solution File, Format Version 12.00
# Visual Studio Version 17
VisualStudioVersion = 17.7.34031.279
MinimumVisualStudioVersion = 10.0.40219.1
Project("{FAE04EC0-301F-11D3-BF4B-00C04F79EFBC}") = "splogparser", "splogparser\splogparser.csproj", "{F064219D-4205-497E-89AF-330DDDD4F95F}"
EndProject
Project("{2150E333-8FDC-42A3-9474-1A3956D46DE8}") = "Solution Items", "Solution Items", "{BEF03366-95F7-4650-BE21-DE56FDC2BAC3}"
	ProjectSection(SolutionItems) = preProject
		.editorconfig = .editorconfig
	EndProjectSection
EndProject
Project("{FAE04EC0-301F-11D3-BF4B-00C04F79EFBC}") = "Contract", "Contract\Contract.csproj", "{9EF4286E-DC11-479C-84A0-EB43A70E1BDE}"
EndProject
Project("{FAE04EC0-301F-11D3-BF4B-00C04F79EFBC}") = "Impl", "Impl\Impl.csproj", "{F89403E5-4C5C-4D8F-8401-B2D56F6D8A2B}"
EndProject
Project("{FAE04EC0-301F-11D3-BF4B-00C04F79EFBC}") = "ImplTests", "ImplTests\ImplTests.csproj", "{F82644B9-650F-466A-A294-570787BAD8CC}"
EndProject
Project("{FAE04EC0-301F-11D3-BF4B-00C04F79EFBC}") = "CDMView", "CDMView\CDMView.csproj", "{1D0E5765-4FB9-437C-AD8A-7BE981229677}"
EndProject
Project("{FAE04EC0-301F-11D3-BF4B-00C04F79EFBC}") = "CIMView", "CIMView\CIMView.csproj", "{F033262D-EBA0-4F61-A530-EAAA91066ADB}"
EndProject
Project("{FAE04EC0-301F-11D3-BF4B-00C04F79EFBC}") = "SampleTests", "Samples\SampleTests.csproj", "{915D5FB6-69C8-4BAB-984B-090801A300CA}"
EndProject
Project("{FAE04EC0-301F-11D3-BF4B-00C04F79EFBC}") = "DEVView", "DEVView\DEVView.csproj", "{8E362443-5492-4058-87C2-1D6BC0FCF070}"
EndProject
Project("{FAE04EC0-301F-11D3-BF4B-00C04F79EFBC}") = "IPMView", "IPMView\IPMView.csproj", "{207FAE19-1661-4A1B-89A7-E92578D0F009}"
EndProject
Project("{FAE04EC0-301F-11D3-BF4B-00C04F79EFBC}") = "SIUView", "SIUView\SIUView.csproj", "{CF184A65-676F-454E-8EC3-0A9219CFB75E}"
EndProject
Project("{FAE04EC0-301F-11D3-BF4B-00C04F79EFBC}") = "IDCView", "IDCView\IDCView.csproj", "{58FBEE9F-9F52-40CD-B93F-349DE5BB35F2}"
EndProject
Project("{FAE04EC0-301F-11D3-BF4B-00C04F79EFBC}") = "PINView", "PINView\PINView.csproj", "{BA7490D2-856E-4536-A9A3-010559B354A2}"
EndProject
Project("{FAE04EC0-301F-11D3-BF4B-00C04F79EFBC}") = "BaseView", "BaseView\BaseView.csproj", "{DB43982D-E960-4DBA-83EF-1BB6E7A60A49}"
EndProject
Project("{FAE04EC0-301F-11D3-BF4B-00C04F79EFBC}") = "ExtraView", "ExtraView\ExtraView.csproj", "{04E3F2BB-C50F-482A-AF1D-F9F71E03EE83}"
EndProject
Project("{FAE04EC0-301F-11D3-BF4B-00C04F79EFBC}") = "LogFileHandler", "LogFileHandler\LogFileHandler.csproj", "{9AF8B5CF-72DC-4A01-B1BD-976B811D7AE4}"
EndProject
Project("{FAE04EC0-301F-11D3-BF4B-00C04F79EFBC}") = "LogLineHandler", "LogLineHandler\LogLineHandler.csproj", "{43796EA3-F9FB-4BE0-8730-A9D5B807C9C3}"
EndProject
Project("{FAE04EC0-301F-11D3-BF4B-00C04F79EFBC}") = "SPLogLine", "SPLogLine\SPLogLine.csproj", "{F0E36FC7-76A9-4BCD-9364-F8D5327729D6}"
EndProject
Project("{FAE04EC0-301F-11D3-BF4B-00C04F79EFBC}") = "RegEx", "RegEx\RegEx.csproj", "{08528B3A-39F6-4E08-81FA-9B3C2935316A}"
EndProject
Project("{FAE04EC0-301F-11D3-BF4B-00C04F79EFBC}") = "SPLogLineTests", "SPLogLineTests\SPLogLineTests.csproj", "{512F56AF-843C-4872-9CEC-21F46C14F188}"
EndProject
Project("{2150E333-8FDC-42A3-9474-1A3956D46DE8}") = "SPLine", "SPLine", "{E671F7AC-D6FE-4A2D-B87D-E49ED0D31977}"
EndProject
Project("{2150E333-8FDC-42A3-9474-1A3956D46DE8}") = "Views", "Views", "{761EEA8B-E4F5-4170-B716-74F5DA1E7DF3}"
EndProject
Project("{2150E333-8FDC-42A3-9474-1A3956D46DE8}") = "SP", "SP", "{7208AD52-18DF-47EA-AE9A-5B64285EF6BB}"
EndProject
Project("{2150E333-8FDC-42A3-9474-1A3956D46DE8}") = "Samples", "Samples", "{8EC4E5B2-01E8-4DE9-A7AE-2685B29B4F7F}"
EndProject
Project("{2150E333-8FDC-42A3-9474-1A3956D46DE8}") = "AP", "AP", "{BDCD7A03-828B-44E6-9169-223946D1BBC9}"
EndProject
Project("{FAE04EC0-301F-11D3-BF4B-00C04F79EFBC}") = "XmlParamView", "XmlParamView\XmlParamView.csproj", "{4413DFA5-FA74-407C-9C72-C1EA019232DF}"
EndProject
Project("{FAE04EC0-301F-11D3-BF4B-00C04F79EFBC}") = "AddKeyView", "AddKeyView\AddKeyView.csproj", "{4ABA1ABB-C2C7-494D-A024-E6CE0C148FD6}"
EndProject
Project("{2150E333-8FDC-42A3-9474-1A3956D46DE8}") = "APLine", "APLine", "{048881B7-3E45-4BF5-A1DC-410A2AF76D57}"
EndProject
Project("{FAE04EC0-301F-11D3-BF4B-00C04F79EFBC}") = "APLogLine", "APLine\APLogLine.csproj", "{79FE7807-0694-473C-8DD5-7D7013E14EDF}"
EndProject
Project("{2150E333-8FDC-42A3-9474-1A3956D46DE8}") = "Line", "Line", "{46A6DF7F-316B-4A63-AE55-883349F70C44}"
EndProject
Project("{FAE04EC0-301F-11D3-BF4B-00C04F79EFBC}") = "EJView", "EJView\EJView.csproj", "{2491BE3D-C981-4213-B9AA-E755959AD100}"
EndProject
Project("{FAE04EC0-301F-11D3-BF4B-00C04F79EFBC}") = "APLogLineTests", "APLogLineTests\APLogLineTests.csproj", "{4E0773C6-F56E-44C4-A57C-3A69D6D5C51F}"
EndProject
Project("{2150E333-8FDC-42A3-9474-1A3956D46DE8}") = "SPSamples", "SPSamples", "{93BD0130-63C0-4873-834A-CE986F9AB32E}"
EndProject
Project("{2150E333-8FDC-42A3-9474-1A3956D46DE8}") = "APSamples", "APSamples", "{15BFBC23-2F67-4329-A83E-1710DDABCAC9}"
EndProject
Project("{FAE04EC0-301F-11D3-BF4B-00C04F79EFBC}") = "APSamples", "APSamplesTests\APSamples.csproj", "{98624250-55F4-407E-9A99-242690D17F0F}"
EndProject
Project("{FAE04EC0-301F-11D3-BF4B-00C04F79EFBC}") = "DispView", "CashDispView\DispView.csproj", "{6A17B223-75D7-4C38-A30B-0EC11D237372}"
EndProject
Project("{2150E333-8FDC-42A3-9474-1A3956D46DE8}") = "ATLine", "ATLine", "{6CD9A7E0-0D27-4493-BFEE-46F9B2DA5A9F}"
EndProject
Project("{2150E333-8FDC-42A3-9474-1A3956D46DE8}") = "AELine", "AELine", "{523C24A3-6F39-4620-8FCD-48D787A372AF}"
EndProject
Project("{2150E333-8FDC-42A3-9474-1A3956D46DE8}") = "AWLine", "AWLine", "{2CD327C3-6EC2-40C1-907B-4EB2A0A5A9D6}"
EndProject
Project("{FAE04EC0-301F-11D3-BF4B-00C04F79EFBC}") = "ATLogLine", "ATLine\ATLogLine\ATLogLine.csproj", "{B5AF3249-8E88-422F-829D-2A26D6A9072B}"
EndProject
Project("{FAE04EC0-301F-11D3-BF4B-00C04F79EFBC}") = "AELogLine", "AELine\AELogLine\AELogLine.csproj", "{1B515233-5A88-43C0-B02F-5F8A3D481CF8}"
EndProject
Project("{FAE04EC0-301F-11D3-BF4B-00C04F79EFBC}") = "AWLogLine", "AWLine\AWLogLine\AWLogLine.csproj", "{512E54F5-1E15-4DAE-9D74-79C87AFBA9F6}"
EndProject
Project("{2150E333-8FDC-42A3-9474-1A3956D46DE8}") = "AE", "AE", "{A30D5B23-ECF5-4016-A1CA-6BD0360AFB00}"
EndProject
Project("{2150E333-8FDC-42A3-9474-1A3956D46DE8}") = "AT", "AT", "{518A4450-6760-4258-ADD0-977EF477F77A}"
EndProject
Project("{2150E333-8FDC-42A3-9474-1A3956D46DE8}") = "AW", "AW", "{DBFB625F-10C6-4D43-82A7-A9EFB781B27F}"
EndProject
Project("{FAE04EC0-301F-11D3-BF4B-00C04F79EFBC}") = "AWTestView", "AWTestView\AWTestView.csproj", "{CF03319C-7B4D-439F-8FC1-A8BB00BA08F4}"
EndProject
Project("{FAE04EC0-301F-11D3-BF4B-00C04F79EFBC}") = "AEView", "AEView\AEView.csproj", "{165DE2BC-DB25-406F-B23B-5287B1687766}"
EndProject
Project("{FAE04EC0-301F-11D3-BF4B-00C04F79EFBC}") = "ATView", "ATView\ATView.csproj", "{4B112853-273F-4EC5-8CE3-FEDF644B2241}"
EndProject
Project("{2150E333-8FDC-42A3-9474-1A3956D46DE8}") = "SSLine", "SSLine", "{CD14D015-709D-4F20-AB4F-0A0BF3F25C57}"
	ProjectSection(SolutionItems) = preProject
		SSLine\Properties\AssemblyInfo.cs = SSLine\Properties\AssemblyInfo.cs
	EndProjectSection
EndProject
Project("{FAE04EC0-301F-11D3-BF4B-00C04F79EFBC}") = "SSLogLine", "SSLine\SSLogLine.csproj", "{4E7796F3-414A-4FAE-B3C1-4386165E35C2}"
EndProject
Global
	GlobalSection(SolutionConfigurationPlatforms) = preSolution
		Debug|Any CPU = Debug|Any CPU
		Release|Any CPU = Release|Any CPU
	EndGlobalSection
	GlobalSection(ProjectConfigurationPlatforms) = postSolution
		{F064219D-4205-497E-89AF-330DDDD4F95F}.Debug|Any CPU.ActiveCfg = Debug|Any CPU
		{F064219D-4205-497E-89AF-330DDDD4F95F}.Debug|Any CPU.Build.0 = Debug|Any CPU
		{F064219D-4205-497E-89AF-330DDDD4F95F}.Release|Any CPU.ActiveCfg = Release|Any CPU
		{F064219D-4205-497E-89AF-330DDDD4F95F}.Release|Any CPU.Build.0 = Release|Any CPU
		{9EF4286E-DC11-479C-84A0-EB43A70E1BDE}.Debug|Any CPU.ActiveCfg = Debug|Any CPU
		{9EF4286E-DC11-479C-84A0-EB43A70E1BDE}.Debug|Any CPU.Build.0 = Debug|Any CPU
		{9EF4286E-DC11-479C-84A0-EB43A70E1BDE}.Release|Any CPU.ActiveCfg = Release|Any CPU
		{9EF4286E-DC11-479C-84A0-EB43A70E1BDE}.Release|Any CPU.Build.0 = Release|Any CPU
		{F89403E5-4C5C-4D8F-8401-B2D56F6D8A2B}.Debug|Any CPU.ActiveCfg = Debug|Any CPU
		{F89403E5-4C5C-4D8F-8401-B2D56F6D8A2B}.Debug|Any CPU.Build.0 = Debug|Any CPU
		{F89403E5-4C5C-4D8F-8401-B2D56F6D8A2B}.Release|Any CPU.ActiveCfg = Release|Any CPU
		{F89403E5-4C5C-4D8F-8401-B2D56F6D8A2B}.Release|Any CPU.Build.0 = Release|Any CPU
		{F82644B9-650F-466A-A294-570787BAD8CC}.Debug|Any CPU.ActiveCfg = Debug|Any CPU
		{F82644B9-650F-466A-A294-570787BAD8CC}.Debug|Any CPU.Build.0 = Debug|Any CPU
		{F82644B9-650F-466A-A294-570787BAD8CC}.Release|Any CPU.ActiveCfg = Release|Any CPU
		{F82644B9-650F-466A-A294-570787BAD8CC}.Release|Any CPU.Build.0 = Release|Any CPU
		{1D0E5765-4FB9-437C-AD8A-7BE981229677}.Debug|Any CPU.ActiveCfg = Debug|Any CPU
		{1D0E5765-4FB9-437C-AD8A-7BE981229677}.Debug|Any CPU.Build.0 = Debug|Any CPU
		{1D0E5765-4FB9-437C-AD8A-7BE981229677}.Release|Any CPU.ActiveCfg = Release|Any CPU
		{1D0E5765-4FB9-437C-AD8A-7BE981229677}.Release|Any CPU.Build.0 = Release|Any CPU
		{F033262D-EBA0-4F61-A530-EAAA91066ADB}.Debug|Any CPU.ActiveCfg = Debug|Any CPU
		{F033262D-EBA0-4F61-A530-EAAA91066ADB}.Debug|Any CPU.Build.0 = Debug|Any CPU
		{F033262D-EBA0-4F61-A530-EAAA91066ADB}.Release|Any CPU.ActiveCfg = Release|Any CPU
		{F033262D-EBA0-4F61-A530-EAAA91066ADB}.Release|Any CPU.Build.0 = Release|Any CPU
		{915D5FB6-69C8-4BAB-984B-090801A300CA}.Debug|Any CPU.ActiveCfg = Debug|Any CPU
		{915D5FB6-69C8-4BAB-984B-090801A300CA}.Debug|Any CPU.Build.0 = Debug|Any CPU
		{915D5FB6-69C8-4BAB-984B-090801A300CA}.Release|Any CPU.ActiveCfg = Release|Any CPU
		{915D5FB6-69C8-4BAB-984B-090801A300CA}.Release|Any CPU.Build.0 = Release|Any CPU
		{8E362443-5492-4058-87C2-1D6BC0FCF070}.Debug|Any CPU.ActiveCfg = Debug|Any CPU
		{8E362443-5492-4058-87C2-1D6BC0FCF070}.Debug|Any CPU.Build.0 = Debug|Any CPU
		{8E362443-5492-4058-87C2-1D6BC0FCF070}.Release|Any CPU.ActiveCfg = Release|Any CPU
		{8E362443-5492-4058-87C2-1D6BC0FCF070}.Release|Any CPU.Build.0 = Release|Any CPU
		{207FAE19-1661-4A1B-89A7-E92578D0F009}.Debug|Any CPU.ActiveCfg = Debug|Any CPU
		{207FAE19-1661-4A1B-89A7-E92578D0F009}.Debug|Any CPU.Build.0 = Debug|Any CPU
		{207FAE19-1661-4A1B-89A7-E92578D0F009}.Release|Any CPU.ActiveCfg = Release|Any CPU
		{207FAE19-1661-4A1B-89A7-E92578D0F009}.Release|Any CPU.Build.0 = Release|Any CPU
		{CF184A65-676F-454E-8EC3-0A9219CFB75E}.Debug|Any CPU.ActiveCfg = Debug|Any CPU
		{CF184A65-676F-454E-8EC3-0A9219CFB75E}.Debug|Any CPU.Build.0 = Debug|Any CPU
		{CF184A65-676F-454E-8EC3-0A9219CFB75E}.Release|Any CPU.ActiveCfg = Release|Any CPU
		{CF184A65-676F-454E-8EC3-0A9219CFB75E}.Release|Any CPU.Build.0 = Release|Any CPU
		{58FBEE9F-9F52-40CD-B93F-349DE5BB35F2}.Debug|Any CPU.ActiveCfg = Debug|Any CPU
		{58FBEE9F-9F52-40CD-B93F-349DE5BB35F2}.Debug|Any CPU.Build.0 = Debug|Any CPU
		{58FBEE9F-9F52-40CD-B93F-349DE5BB35F2}.Release|Any CPU.ActiveCfg = Release|Any CPU
		{58FBEE9F-9F52-40CD-B93F-349DE5BB35F2}.Release|Any CPU.Build.0 = Release|Any CPU
		{BA7490D2-856E-4536-A9A3-010559B354A2}.Debug|Any CPU.ActiveCfg = Debug|Any CPU
		{BA7490D2-856E-4536-A9A3-010559B354A2}.Debug|Any CPU.Build.0 = Debug|Any CPU
		{BA7490D2-856E-4536-A9A3-010559B354A2}.Release|Any CPU.ActiveCfg = Release|Any CPU
		{BA7490D2-856E-4536-A9A3-010559B354A2}.Release|Any CPU.Build.0 = Release|Any CPU
		{DB43982D-E960-4DBA-83EF-1BB6E7A60A49}.Debug|Any CPU.ActiveCfg = Debug|Any CPU
		{DB43982D-E960-4DBA-83EF-1BB6E7A60A49}.Debug|Any CPU.Build.0 = Debug|Any CPU
		{DB43982D-E960-4DBA-83EF-1BB6E7A60A49}.Release|Any CPU.ActiveCfg = Release|Any CPU
		{DB43982D-E960-4DBA-83EF-1BB6E7A60A49}.Release|Any CPU.Build.0 = Release|Any CPU
		{04E3F2BB-C50F-482A-AF1D-F9F71E03EE83}.Debug|Any CPU.ActiveCfg = Debug|Any CPU
		{04E3F2BB-C50F-482A-AF1D-F9F71E03EE83}.Debug|Any CPU.Build.0 = Debug|Any CPU
		{04E3F2BB-C50F-482A-AF1D-F9F71E03EE83}.Release|Any CPU.ActiveCfg = Release|Any CPU
		{04E3F2BB-C50F-482A-AF1D-F9F71E03EE83}.Release|Any CPU.Build.0 = Release|Any CPU
		{9AF8B5CF-72DC-4A01-B1BD-976B811D7AE4}.Debug|Any CPU.ActiveCfg = Debug|Any CPU
		{9AF8B5CF-72DC-4A01-B1BD-976B811D7AE4}.Debug|Any CPU.Build.0 = Debug|Any CPU
		{9AF8B5CF-72DC-4A01-B1BD-976B811D7AE4}.Release|Any CPU.ActiveCfg = Release|Any CPU
		{9AF8B5CF-72DC-4A01-B1BD-976B811D7AE4}.Release|Any CPU.Build.0 = Release|Any CPU
		{43796EA3-F9FB-4BE0-8730-A9D5B807C9C3}.Debug|Any CPU.ActiveCfg = Debug|Any CPU
		{43796EA3-F9FB-4BE0-8730-A9D5B807C9C3}.Debug|Any CPU.Build.0 = Debug|Any CPU
		{43796EA3-F9FB-4BE0-8730-A9D5B807C9C3}.Release|Any CPU.ActiveCfg = Release|Any CPU
		{43796EA3-F9FB-4BE0-8730-A9D5B807C9C3}.Release|Any CPU.Build.0 = Release|Any CPU
		{F0E36FC7-76A9-4BCD-9364-F8D5327729D6}.Debug|Any CPU.ActiveCfg = Debug|Any CPU
		{F0E36FC7-76A9-4BCD-9364-F8D5327729D6}.Debug|Any CPU.Build.0 = Debug|Any CPU
		{F0E36FC7-76A9-4BCD-9364-F8D5327729D6}.Release|Any CPU.ActiveCfg = Release|Any CPU
		{F0E36FC7-76A9-4BCD-9364-F8D5327729D6}.Release|Any CPU.Build.0 = Release|Any CPU
		{08528B3A-39F6-4E08-81FA-9B3C2935316A}.Debug|Any CPU.ActiveCfg = Debug|Any CPU
		{08528B3A-39F6-4E08-81FA-9B3C2935316A}.Debug|Any CPU.Build.0 = Debug|Any CPU
		{08528B3A-39F6-4E08-81FA-9B3C2935316A}.Release|Any CPU.ActiveCfg = Release|Any CPU
		{08528B3A-39F6-4E08-81FA-9B3C2935316A}.Release|Any CPU.Build.0 = Release|Any CPU
		{512F56AF-843C-4872-9CEC-21F46C14F188}.Debug|Any CPU.ActiveCfg = Debug|Any CPU
		{512F56AF-843C-4872-9CEC-21F46C14F188}.Debug|Any CPU.Build.0 = Debug|Any CPU
		{512F56AF-843C-4872-9CEC-21F46C14F188}.Release|Any CPU.ActiveCfg = Release|Any CPU
		{512F56AF-843C-4872-9CEC-21F46C14F188}.Release|Any CPU.Build.0 = Release|Any CPU
		{4413DFA5-FA74-407C-9C72-C1EA019232DF}.Debug|Any CPU.ActiveCfg = Debug|Any CPU
		{4413DFA5-FA74-407C-9C72-C1EA019232DF}.Debug|Any CPU.Build.0 = Debug|Any CPU
		{4413DFA5-FA74-407C-9C72-C1EA019232DF}.Release|Any CPU.ActiveCfg = Release|Any CPU
		{4413DFA5-FA74-407C-9C72-C1EA019232DF}.Release|Any CPU.Build.0 = Release|Any CPU
		{4ABA1ABB-C2C7-494D-A024-E6CE0C148FD6}.Debug|Any CPU.ActiveCfg = Debug|Any CPU
		{4ABA1ABB-C2C7-494D-A024-E6CE0C148FD6}.Debug|Any CPU.Build.0 = Debug|Any CPU
		{4ABA1ABB-C2C7-494D-A024-E6CE0C148FD6}.Release|Any CPU.ActiveCfg = Release|Any CPU
		{4ABA1ABB-C2C7-494D-A024-E6CE0C148FD6}.Release|Any CPU.Build.0 = Release|Any CPU
		{79FE7807-0694-473C-8DD5-7D7013E14EDF}.Debug|Any CPU.ActiveCfg = Debug|Any CPU
		{79FE7807-0694-473C-8DD5-7D7013E14EDF}.Debug|Any CPU.Build.0 = Debug|Any CPU
		{79FE7807-0694-473C-8DD5-7D7013E14EDF}.Release|Any CPU.ActiveCfg = Release|Any CPU
		{79FE7807-0694-473C-8DD5-7D7013E14EDF}.Release|Any CPU.Build.0 = Release|Any CPU
		{2491BE3D-C981-4213-B9AA-E755959AD100}.Debug|Any CPU.ActiveCfg = Debug|Any CPU
		{2491BE3D-C981-4213-B9AA-E755959AD100}.Debug|Any CPU.Build.0 = Debug|Any CPU
		{2491BE3D-C981-4213-B9AA-E755959AD100}.Release|Any CPU.ActiveCfg = Release|Any CPU
		{2491BE3D-C981-4213-B9AA-E755959AD100}.Release|Any CPU.Build.0 = Release|Any CPU
		{4E0773C6-F56E-44C4-A57C-3A69D6D5C51F}.Debug|Any CPU.ActiveCfg = Debug|Any CPU
		{4E0773C6-F56E-44C4-A57C-3A69D6D5C51F}.Debug|Any CPU.Build.0 = Debug|Any CPU
		{4E0773C6-F56E-44C4-A57C-3A69D6D5C51F}.Release|Any CPU.ActiveCfg = Release|Any CPU
		{4E0773C6-F56E-44C4-A57C-3A69D6D5C51F}.Release|Any CPU.Build.0 = Release|Any CPU
		{98624250-55F4-407E-9A99-242690D17F0F}.Debug|Any CPU.ActiveCfg = Debug|Any CPU
		{98624250-55F4-407E-9A99-242690D17F0F}.Debug|Any CPU.Build.0 = Debug|Any CPU
		{98624250-55F4-407E-9A99-242690D17F0F}.Release|Any CPU.ActiveCfg = Release|Any CPU
		{98624250-55F4-407E-9A99-242690D17F0F}.Release|Any CPU.Build.0 = Release|Any CPU
		{6A17B223-75D7-4C38-A30B-0EC11D237372}.Debug|Any CPU.ActiveCfg = Debug|Any CPU
		{6A17B223-75D7-4C38-A30B-0EC11D237372}.Debug|Any CPU.Build.0 = Debug|Any CPU
		{6A17B223-75D7-4C38-A30B-0EC11D237372}.Release|Any CPU.ActiveCfg = Release|Any CPU
		{6A17B223-75D7-4C38-A30B-0EC11D237372}.Release|Any CPU.Build.0 = Release|Any CPU
		{B5AF3249-8E88-422F-829D-2A26D6A9072B}.Debug|Any CPU.ActiveCfg = Debug|Any CPU
		{B5AF3249-8E88-422F-829D-2A26D6A9072B}.Debug|Any CPU.Build.0 = Debug|Any CPU
		{B5AF3249-8E88-422F-829D-2A26D6A9072B}.Release|Any CPU.ActiveCfg = Release|Any CPU
		{B5AF3249-8E88-422F-829D-2A26D6A9072B}.Release|Any CPU.Build.0 = Release|Any CPU
		{1B515233-5A88-43C0-B02F-5F8A3D481CF8}.Debug|Any CPU.ActiveCfg = Debug|Any CPU
		{1B515233-5A88-43C0-B02F-5F8A3D481CF8}.Debug|Any CPU.Build.0 = Debug|Any CPU
		{1B515233-5A88-43C0-B02F-5F8A3D481CF8}.Release|Any CPU.ActiveCfg = Release|Any CPU
		{1B515233-5A88-43C0-B02F-5F8A3D481CF8}.Release|Any CPU.Build.0 = Release|Any CPU
		{512E54F5-1E15-4DAE-9D74-79C87AFBA9F6}.Debug|Any CPU.ActiveCfg = Debug|Any CPU
		{512E54F5-1E15-4DAE-9D74-79C87AFBA9F6}.Debug|Any CPU.Build.0 = Debug|Any CPU
		{512E54F5-1E15-4DAE-9D74-79C87AFBA9F6}.Release|Any CPU.ActiveCfg = Release|Any CPU
		{512E54F5-1E15-4DAE-9D74-79C87AFBA9F6}.Release|Any CPU.Build.0 = Release|Any CPU
		{CF03319C-7B4D-439F-8FC1-A8BB00BA08F4}.Debug|Any CPU.ActiveCfg = Debug|Any CPU
		{CF03319C-7B4D-439F-8FC1-A8BB00BA08F4}.Debug|Any CPU.Build.0 = Debug|Any CPU
		{CF03319C-7B4D-439F-8FC1-A8BB00BA08F4}.Release|Any CPU.ActiveCfg = Release|Any CPU
		{CF03319C-7B4D-439F-8FC1-A8BB00BA08F4}.Release|Any CPU.Build.0 = Release|Any CPU
		{165DE2BC-DB25-406F-B23B-5287B1687766}.Debug|Any CPU.ActiveCfg = Debug|Any CPU
		{165DE2BC-DB25-406F-B23B-5287B1687766}.Debug|Any CPU.Build.0 = Debug|Any CPU
		{165DE2BC-DB25-406F-B23B-5287B1687766}.Release|Any CPU.ActiveCfg = Release|Any CPU
		{165DE2BC-DB25-406F-B23B-5287B1687766}.Release|Any CPU.Build.0 = Release|Any CPU
		{4B112853-273F-4EC5-8CE3-FEDF644B2241}.Debug|Any CPU.ActiveCfg = Debug|Any CPU
		{4B112853-273F-4EC5-8CE3-FEDF644B2241}.Debug|Any CPU.Build.0 = Debug|Any CPU
		{4B112853-273F-4EC5-8CE3-FEDF644B2241}.Release|Any CPU.ActiveCfg = Release|Any CPU
		{4B112853-273F-4EC5-8CE3-FEDF644B2241}.Release|Any CPU.Build.0 = Release|Any CPU
		{4E7796F3-414A-4FAE-B3C1-4386165E35C2}.Debug|Any CPU.ActiveCfg = Debug|Any CPU
		{4E7796F3-414A-4FAE-B3C1-4386165E35C2}.Debug|Any CPU.Build.0 = Debug|Any CPU
		{4E7796F3-414A-4FAE-B3C1-4386165E35C2}.Release|Any CPU.ActiveCfg = Release|Any CPU
		{4E7796F3-414A-4FAE-B3C1-4386165E35C2}.Release|Any CPU.Build.0 = Release|Any CPU
	EndGlobalSection
	GlobalSection(SolutionProperties) = preSolution
		HideSolutionNode = FALSE
	EndGlobalSection
	GlobalSection(NestedProjects) = preSolution
		{1D0E5765-4FB9-437C-AD8A-7BE981229677} = {7208AD52-18DF-47EA-AE9A-5B64285EF6BB}
		{F033262D-EBA0-4F61-A530-EAAA91066ADB} = {7208AD52-18DF-47EA-AE9A-5B64285EF6BB}
		{915D5FB6-69C8-4BAB-984B-090801A300CA} = {93BD0130-63C0-4873-834A-CE986F9AB32E}
		{8E362443-5492-4058-87C2-1D6BC0FCF070} = {7208AD52-18DF-47EA-AE9A-5B64285EF6BB}
		{207FAE19-1661-4A1B-89A7-E92578D0F009} = {7208AD52-18DF-47EA-AE9A-5B64285EF6BB}
		{CF184A65-676F-454E-8EC3-0A9219CFB75E} = {7208AD52-18DF-47EA-AE9A-5B64285EF6BB}
		{58FBEE9F-9F52-40CD-B93F-349DE5BB35F2} = {7208AD52-18DF-47EA-AE9A-5B64285EF6BB}
		{BA7490D2-856E-4536-A9A3-010559B354A2} = {7208AD52-18DF-47EA-AE9A-5B64285EF6BB}
		{DB43982D-E960-4DBA-83EF-1BB6E7A60A49} = {761EEA8B-E4F5-4170-B716-74F5DA1E7DF3}
		{04E3F2BB-C50F-482A-AF1D-F9F71E03EE83} = {7208AD52-18DF-47EA-AE9A-5B64285EF6BB}
		{F0E36FC7-76A9-4BCD-9364-F8D5327729D6} = {E671F7AC-D6FE-4A2D-B87D-E49ED0D31977}
		{512F56AF-843C-4872-9CEC-21F46C14F188} = {E671F7AC-D6FE-4A2D-B87D-E49ED0D31977}
		{E671F7AC-D6FE-4A2D-B87D-E49ED0D31977} = {46A6DF7F-316B-4A63-AE55-883349F70C44}
		{7208AD52-18DF-47EA-AE9A-5B64285EF6BB} = {761EEA8B-E4F5-4170-B716-74F5DA1E7DF3}
		{BDCD7A03-828B-44E6-9169-223946D1BBC9} = {761EEA8B-E4F5-4170-B716-74F5DA1E7DF3}
		{4413DFA5-FA74-407C-9C72-C1EA019232DF} = {BDCD7A03-828B-44E6-9169-223946D1BBC9}
		{4ABA1ABB-C2C7-494D-A024-E6CE0C148FD6} = {BDCD7A03-828B-44E6-9169-223946D1BBC9}
		{048881B7-3E45-4BF5-A1DC-410A2AF76D57} = {46A6DF7F-316B-4A63-AE55-883349F70C44}
		{79FE7807-0694-473C-8DD5-7D7013E14EDF} = {048881B7-3E45-4BF5-A1DC-410A2AF76D57}
		{2491BE3D-C981-4213-B9AA-E755959AD100} = {BDCD7A03-828B-44E6-9169-223946D1BBC9}
		{4E0773C6-F56E-44C4-A57C-3A69D6D5C51F} = {048881B7-3E45-4BF5-A1DC-410A2AF76D57}
		{93BD0130-63C0-4873-834A-CE986F9AB32E} = {8EC4E5B2-01E8-4DE9-A7AE-2685B29B4F7F}
		{15BFBC23-2F67-4329-A83E-1710DDABCAC9} = {8EC4E5B2-01E8-4DE9-A7AE-2685B29B4F7F}
		{98624250-55F4-407E-9A99-242690D17F0F} = {15BFBC23-2F67-4329-A83E-1710DDABCAC9}
		{6A17B223-75D7-4C38-A30B-0EC11D237372} = {BDCD7A03-828B-44E6-9169-223946D1BBC9}
		{6CD9A7E0-0D27-4493-BFEE-46F9B2DA5A9F} = {46A6DF7F-316B-4A63-AE55-883349F70C44}
		{523C24A3-6F39-4620-8FCD-48D787A372AF} = {46A6DF7F-316B-4A63-AE55-883349F70C44}
		{2CD327C3-6EC2-40C1-907B-4EB2A0A5A9D6} = {46A6DF7F-316B-4A63-AE55-883349F70C44}
		{B5AF3249-8E88-422F-829D-2A26D6A9072B} = {6CD9A7E0-0D27-4493-BFEE-46F9B2DA5A9F}
		{1B515233-5A88-43C0-B02F-5F8A3D481CF8} = {523C24A3-6F39-4620-8FCD-48D787A372AF}
		{512E54F5-1E15-4DAE-9D74-79C87AFBA9F6} = {2CD327C3-6EC2-40C1-907B-4EB2A0A5A9D6}
		{A30D5B23-ECF5-4016-A1CA-6BD0360AFB00} = {761EEA8B-E4F5-4170-B716-74F5DA1E7DF3}
		{518A4450-6760-4258-ADD0-977EF477F77A} = {761EEA8B-E4F5-4170-B716-74F5DA1E7DF3}
		{DBFB625F-10C6-4D43-82A7-A9EFB781B27F} = {761EEA8B-E4F5-4170-B716-74F5DA1E7DF3}
		{CF03319C-7B4D-439F-8FC1-A8BB00BA08F4} = {DBFB625F-10C6-4D43-82A7-A9EFB781B27F}
		{165DE2BC-DB25-406F-B23B-5287B1687766} = {A30D5B23-ECF5-4016-A1CA-6BD0360AFB00}
		{4B112853-273F-4EC5-8CE3-FEDF644B2241} = {518A4450-6760-4258-ADD0-977EF477F77A}
		{CD14D015-709D-4F20-AB4F-0A0BF3F25C57} = {46A6DF7F-316B-4A63-AE55-883349F70C44}
		{4E7796F3-414A-4FAE-B3C1-4386165E35C2} = {CD14D015-709D-4F20-AB4F-0A0BF3F25C57}
	EndGlobalSection
	GlobalSection(ExtensibilityGlobals) = postSolution
		SolutionGuid = {2E3C1D19-CB84-47CD-B2F7-F495926D01C3}
	EndGlobalSection
EndGlobal
