
Microsoft Visual Studio Solution File, Format Version 12.00
# Visual Studio Version 16
VisualStudioVersion = 16.0.33027.164
MinimumVisualStudioVersion = 10.0.40219.1
Project("{FAE04EC0-301F-11D3-BF4B-00C04F79EFBC}") = "splogparser", "splogparser\splogparser.csproj", "{F064219D-4205-497E-89AF-330DDDD4F95F}"
EndProject
Project("{2150E333-8FDC-42A3-9474-1A3956D46DE8}") = "Solution Items", "Solution Items", "{BEF03366-95F7-4650-BE21-DE56FDC2BAC3}"
	ProjectSection(SolutionItems) = preProject
		.editorconfig = .editorconfig
	EndProjectSection
EndProject
Project("{FAE04EC0-301F-11D3-BF4B-00C04F79EFBC}") = "Contract", "Contract\Contract.csproj", "{9EF4286E-DC11-479C-84A0-EB43A70E1BDE}"
EndProject
Project("{FAE04EC0-301F-11D3-BF4B-00C04F79EFBC}") = "Impl", "Impl\Impl.csproj", "{F89403E5-4C5C-4D8F-8401-B2D56F6D8A2B}"
EndProject
Project("{FAE04EC0-301F-11D3-BF4B-00C04F79EFBC}") = "ImplTests", "ImplTests\ImplTests.csproj", "{F82644B9-650F-466A-A294-570787BAD8CC}"
EndProject
Project("{FAE04EC0-301F-11D3-BF4B-00C04F79EFBC}") = "CDMView", "CDMView\CDMView.csproj", "{1D0E5765-4FB9-437C-AD8A-7BE981229677}"
EndProject
Project("{FAE04EC0-301F-11D3-BF4B-00C04F79EFBC}") = "CIMView", "CIMView\CIMView.csproj", "{F033262D-EBA0-4F61-A530-EAAA91066ADB}"
EndProject
Project("{FAE04EC0-301F-11D3-BF4B-00C04F79EFBC}") = "WFS", "WFS\WFS.csproj", "{8685A55B-44FE-4E97-A4D6-2915D537AF3E}"
EndProject
Project("{FAE04EC0-301F-11D3-BF4B-00C04F79EFBC}") = "WFSTests", "WFSTests\WFSTests.csproj", "{40F0653E-6960-45B2-AF29-83F4FAB34442}"
EndProject
Project("{FAE04EC0-301F-11D3-BF4B-00C04F79EFBC}") = "SampleTests", "Samples\SampleTests.csproj", "{915D5FB6-69C8-4BAB-984B-090801A300CA}"
EndProject
Project("{FAE04EC0-301F-11D3-BF4B-00C04F79EFBC}") = "DEVView", "DEVView\DEVView.csproj", "{8E362443-5492-4058-87C2-1D6BC0FCF070}"
EndProject
Project("{FAE04EC0-301F-11D3-BF4B-00C04F79EFBC}") = "IPMView", "IPMView\IPMView.csproj", "{207FAE19-1661-4A1B-89A7-E92578D0F009}"
EndProject
Project("{FAE04EC0-301F-11D3-BF4B-00C04F79EFBC}") = "SIUView", "SIUView\SIUView.csproj", "{CF184A65-676F-454E-8EC3-0A9219CFB75E}"
EndProject
Project("{FAE04EC0-301F-11D3-BF4B-00C04F79EFBC}") = "IDCView", "IDCView\IDCView.csproj", "{58FBEE9F-9F52-40CD-B93F-349DE5BB35F2}"
EndProject
Project("{FAE04EC0-301F-11D3-BF4B-00C04F79EFBC}") = "PINView", "PINView\PINView.csproj", "{BA7490D2-856E-4536-A9A3-010559B354A2}"
EndProject
Project("{FAE04EC0-301F-11D3-BF4B-00C04F79EFBC}") = "BaseView", "BaseView\BaseView.csproj", "{DB43982D-E960-4DBA-83EF-1BB6E7A60A49}"
EndProject
Global
	GlobalSection(SolutionConfigurationPlatforms) = preSolution
		Debug|Any CPU = Debug|Any CPU
		Release|Any CPU = Release|Any CPU
	EndGlobalSection
	GlobalSection(ProjectConfigurationPlatforms) = postSolution
		{F064219D-4205-497E-89AF-330DDDD4F95F}.Debug|Any CPU.ActiveCfg = Debug|Any CPU
		{F064219D-4205-497E-89AF-330DDDD4F95F}.Debug|Any CPU.Build.0 = Debug|Any CPU
		{F064219D-4205-497E-89AF-330DDDD4F95F}.Release|Any CPU.ActiveCfg = Release|Any CPU
		{F064219D-4205-497E-89AF-330DDDD4F95F}.Release|Any CPU.Build.0 = Release|Any CPU
		{9EF4286E-DC11-479C-84A0-EB43A70E1BDE}.Debug|Any CPU.ActiveCfg = Debug|Any CPU
		{9EF4286E-DC11-479C-84A0-EB43A70E1BDE}.Debug|Any CPU.Build.0 = Debug|Any CPU
		{9EF4286E-DC11-479C-84A0-EB43A70E1BDE}.Release|Any CPU.ActiveCfg = Release|Any CPU
		{9EF4286E-DC11-479C-84A0-EB43A70E1BDE}.Release|Any CPU.Build.0 = Release|Any CPU
		{F89403E5-4C5C-4D8F-8401-B2D56F6D8A2B}.Debug|Any CPU.ActiveCfg = Debug|Any CPU
		{F89403E5-4C5C-4D8F-8401-B2D56F6D8A2B}.Debug|Any CPU.Build.0 = Debug|Any CPU
		{F89403E5-4C5C-4D8F-8401-B2D56F6D8A2B}.Release|Any CPU.ActiveCfg = Release|Any CPU
		{F89403E5-4C5C-4D8F-8401-B2D56F6D8A2B}.Release|Any CPU.Build.0 = Release|Any CPU
		{F82644B9-650F-466A-A294-570787BAD8CC}.Debug|Any CPU.ActiveCfg = Debug|Any CPU
		{F82644B9-650F-466A-A294-570787BAD8CC}.Debug|Any CPU.Build.0 = Debug|Any CPU
		{F82644B9-650F-466A-A294-570787BAD8CC}.Release|Any CPU.ActiveCfg = Release|Any CPU
		{F82644B9-650F-466A-A294-570787BAD8CC}.Release|Any CPU.Build.0 = Release|Any CPU
		{1D0E5765-4FB9-437C-AD8A-7BE981229677}.Debug|Any CPU.ActiveCfg = Debug|Any CPU
		{1D0E5765-4FB9-437C-AD8A-7BE981229677}.Debug|Any CPU.Build.0 = Debug|Any CPU
		{1D0E5765-4FB9-437C-AD8A-7BE981229677}.Release|Any CPU.ActiveCfg = Release|Any CPU
		{1D0E5765-4FB9-437C-AD8A-7BE981229677}.Release|Any CPU.Build.0 = Release|Any CPU
		{F033262D-EBA0-4F61-A530-EAAA91066ADB}.Debug|Any CPU.ActiveCfg = Debug|Any CPU
		{F033262D-EBA0-4F61-A530-EAAA91066ADB}.Debug|Any CPU.Build.0 = Debug|Any CPU
		{F033262D-EBA0-4F61-A530-EAAA91066ADB}.Release|Any CPU.ActiveCfg = Release|Any CPU
		{F033262D-EBA0-4F61-A530-EAAA91066ADB}.Release|Any CPU.Build.0 = Release|Any CPU
		{8685A55B-44FE-4E97-A4D6-2915D537AF3E}.Debug|Any CPU.ActiveCfg = Debug|Any CPU
		{8685A55B-44FE-4E97-A4D6-2915D537AF3E}.Debug|Any CPU.Build.0 = Debug|Any CPU
		{8685A55B-44FE-4E97-A4D6-2915D537AF3E}.Release|Any CPU.ActiveCfg = Release|Any CPU
		{8685A55B-44FE-4E97-A4D6-2915D537AF3E}.Release|Any CPU.Build.0 = Release|Any CPU
		{40F0653E-6960-45B2-AF29-83F4FAB34442}.Debug|Any CPU.ActiveCfg = Debug|Any CPU
		{40F0653E-6960-45B2-AF29-83F4FAB34442}.Debug|Any CPU.Build.0 = Debug|Any CPU
		{40F0653E-6960-45B2-AF29-83F4FAB34442}.Release|Any CPU.ActiveCfg = Release|Any CPU
		{40F0653E-6960-45B2-AF29-83F4FAB34442}.Release|Any CPU.Build.0 = Release|Any CPU
		{915D5FB6-69C8-4BAB-984B-090801A300CA}.Debug|Any CPU.ActiveCfg = Debug|Any CPU
		{915D5FB6-69C8-4BAB-984B-090801A300CA}.Debug|Any CPU.Build.0 = Debug|Any CPU
		{915D5FB6-69C8-4BAB-984B-090801A300CA}.Release|Any CPU.ActiveCfg = Release|Any CPU
		{915D5FB6-69C8-4BAB-984B-090801A300CA}.Release|Any CPU.Build.0 = Release|Any CPU
		{8E362443-5492-4058-87C2-1D6BC0FCF070}.Debug|Any CPU.ActiveCfg = Debug|Any CPU
		{8E362443-5492-4058-87C2-1D6BC0FCF070}.Debug|Any CPU.Build.0 = Debug|Any CPU
		{8E362443-5492-4058-87C2-1D6BC0FCF070}.Release|Any CPU.ActiveCfg = Release|Any CPU
		{8E362443-5492-4058-87C2-1D6BC0FCF070}.Release|Any CPU.Build.0 = Release|Any CPU
		{207FAE19-1661-4A1B-89A7-E92578D0F009}.Debug|Any CPU.ActiveCfg = Debug|Any CPU
		{207FAE19-1661-4A1B-89A7-E92578D0F009}.Debug|Any CPU.Build.0 = Debug|Any CPU
		{207FAE19-1661-4A1B-89A7-E92578D0F009}.Release|Any CPU.ActiveCfg = Release|Any CPU
		{207FAE19-1661-4A1B-89A7-E92578D0F009}.Release|Any CPU.Build.0 = Release|Any CPU
		{CF184A65-676F-454E-8EC3-0A9219CFB75E}.Debug|Any CPU.ActiveCfg = Debug|Any CPU
		{CF184A65-676F-454E-8EC3-0A9219CFB75E}.Debug|Any CPU.Build.0 = Debug|Any CPU
		{CF184A65-676F-454E-8EC3-0A9219CFB75E}.Release|Any CPU.ActiveCfg = Release|Any CPU
		{CF184A65-676F-454E-8EC3-0A9219CFB75E}.Release|Any CPU.Build.0 = Release|Any CPU
		{58FBEE9F-9F52-40CD-B93F-349DE5BB35F2}.Debug|Any CPU.ActiveCfg = Debug|Any CPU
		{58FBEE9F-9F52-40CD-B93F-349DE5BB35F2}.Debug|Any CPU.Build.0 = Debug|Any CPU
		{58FBEE9F-9F52-40CD-B93F-349DE5BB35F2}.Release|Any CPU.ActiveCfg = Release|Any CPU
		{58FBEE9F-9F52-40CD-B93F-349DE5BB35F2}.Release|Any CPU.Build.0 = Release|Any CPU
		{BA7490D2-856E-4536-A9A3-010559B354A2}.Debug|Any CPU.ActiveCfg = Debug|Any CPU
		{BA7490D2-856E-4536-A9A3-010559B354A2}.Debug|Any CPU.Build.0 = Debug|Any CPU
		{BA7490D2-856E-4536-A9A3-010559B354A2}.Release|Any CPU.ActiveCfg = Release|Any CPU
		{BA7490D2-856E-4536-A9A3-010559B354A2}.Release|Any CPU.Build.0 = Release|Any CPU
		{DB43982D-E960-4DBA-83EF-1BB6E7A60A49}.Debug|Any CPU.ActiveCfg = Debug|Any CPU
		{DB43982D-E960-4DBA-83EF-1BB6E7A60A49}.Debug|Any CPU.Build.0 = Debug|Any CPU
		{DB43982D-E960-4DBA-83EF-1BB6E7A60A49}.Release|Any CPU.ActiveCfg = Release|Any CPU
		{DB43982D-E960-4DBA-83EF-1BB6E7A60A49}.Release|Any CPU.Build.0 = Release|Any CPU
	EndGlobalSection
	GlobalSection(SolutionProperties) = preSolution
		HideSolutionNode = FALSE
	EndGlobalSection
	GlobalSection(ExtensibilityGlobals) = postSolution
		SolutionGuid = {2E3C1D19-CB84-47CD-B2F7-F495926D01C3}
	EndGlobalSection
EndGlobal
